
Microsoft Visual Studio Solution File, Format Version 12.00
# Visual Studio 15
VisualStudioVersion = 15.0.28307.168
MinimumVisualStudioVersion = 10.0.40219.1
Project("{8BC9CEB8-8B4A-11D0-8D11-00A0C91BC942}") = "RayTracerConsole", "RayTracerConsole\RayTracerConsole.vcxproj", "{2AD2BE84-18D5-4F6B-B94E-47D60D4566FB}"
	ProjectSection(ProjectDependencies) = postProject
		{393812B2-42A1-4EB3-B5C9-F4DC05470394} = {393812B2-42A1-4EB3-B5C9-F4DC05470394}
	EndProjectSection
EndProject
Project("{8BC9CEB8-8B4A-11D0-8D11-00A0C91BC942}") = "RayTracerLib", "RayTracerLib\RayTracerLib.vcxproj", "{393812B2-42A1-4EB3-B5C9-F4DC05470394}"
EndProject
Project("{8BC9CEB8-8B4A-11D0-8D11-00A0C91BC942}") = "RayTracerWindows", "RayTracerWindows\RayTracerWindows.vcxproj", "{42D26F47-C869-4E43-9DB1-F8046F8A4252}"
	ProjectSection(ProjectDependencies) = postProject
		{393812B2-42A1-4EB3-B5C9-F4DC05470394} = {393812B2-42A1-4EB3-B5C9-F4DC05470394}
	EndProjectSection
EndProject
Global
	GlobalSection(SolutionConfigurationPlatforms) = preSolution
		Debug|x64 = Debug|x64
		Debug|x86 = Debug|x86
		Release|x64 = Release|x64
		Release|x86 = Release|x86
	EndGlobalSection
	GlobalSection(ProjectConfigurationPlatforms) = postSolution
		{2AD2BE84-18D5-4F6B-B94E-47D60D4566FB}.Debug|x64.ActiveCfg = Debug|x64
		{2AD2BE84-18D5-4F6B-B94E-47D60D4566FB}.Debug|x64.Build.0 = Debug|x64
		{2AD2BE84-18D5-4F6B-B94E-47D60D4566FB}.Debug|x86.ActiveCfg = Debug|Win32
		{2AD2BE84-18D5-4F6B-B94E-47D60D4566FB}.Debug|x86.Build.0 = Debug|Win32
		{2AD2BE84-18D5-4F6B-B94E-47D60D4566FB}.Release|x64.ActiveCfg = Release|x64
		{2AD2BE84-18D5-4F6B-B94E-47D60D4566FB}.Release|x64.Build.0 = Release|x64
		{2AD2BE84-18D5-4F6B-B94E-47D60D4566FB}.Release|x86.ActiveCfg = Release|Win32
		{2AD2BE84-18D5-4F6B-B94E-47D60D4566FB}.Release|x86.Build.0 = Release|Win32
		{393812B2-42A1-4EB3-B5C9-F4DC05470394}.Debug|x64.ActiveCfg = Debug|x64
		{393812B2-42A1-4EB3-B5C9-F4DC05470394}.Debug|x64.Build.0 = Debug|x64
		{393812B2-42A1-4EB3-B5C9-F4DC05470394}.Debug|x86.ActiveCfg = Debug|Win32
		{393812B2-42A1-4EB3-B5C9-F4DC05470394}.Debug|x86.Build.0 = Debug|Win32
		{393812B2-42A1-4EB3-B5C9-F4DC05470394}.Release|x64.ActiveCfg = Release|x64
		{393812B2-42A1-4EB3-B5C9-F4DC05470394}.Release|x64.Build.0 = Release|x64
		{393812B2-42A1-4EB3-B5C9-F4DC05470394}.Release|x86.ActiveCfg = Release|Win32
		{393812B2-42A1-4EB3-B5C9-F4DC05470394}.Release|x86.Build.0 = Release|Win32
		{42D26F47-C869-4E43-9DB1-F8046F8A4252}.Debug|x64.ActiveCfg = Debug|x64
		{42D26F47-C869-4E43-9DB1-F8046F8A4252}.Debug|x64.Build.0 = Debug|x64
		{42D26F47-C869-4E43-9DB1-F8046F8A4252}.Debug|x86.ActiveCfg = Debug|Win32
		{42D26F47-C869-4E43-9DB1-F8046F8A4252}.Debug|x86.Build.0 = Debug|Win32
		{42D26F47-C869-4E43-9DB1-F8046F8A4252}.Release|x64.ActiveCfg = Release|x64
		{42D26F47-C869-4E43-9DB1-F8046F8A4252}.Release|x64.Build.0 = Release|x64
		{42D26F47-C869-4E43-9DB1-F8046F8A4252}.Release|x86.ActiveCfg = Release|Win32
		{42D26F47-C869-4E43-9DB1-F8046F8A4252}.Release|x86.Build.0 = Release|Win32
	EndGlobalSection
	GlobalSection(SolutionProperties) = preSolution
		HideSolutionNode = FALSE
	EndGlobalSection
	GlobalSection(ExtensibilityGlobals) = postSolution
		SolutionGuid = {42A18551-C823-4E11-B473-176155C0665F}
	EndGlobalSection
EndGlobal
