<?xml version="1.0" encoding="utf-8"?>
<Project ToolsVersion="4.0" xmlns="http://schemas.microsoft.com/developer/msbuild/2003">
  <ItemGroup>
    <Filter Include="Resource Files">
      <UniqueIdentifier>{67DA6AB6-F800-4c08-8B7A-83BB121AAD01}</UniqueIdentifier>
      <Extensions>rc;ico;cur;bmp;dlg;rc2;rct;bin;rgs;gif;jpg;jpeg;jpe;resx;tiff;tif;png;wav;mfcribbon-ms</Extensions>
    </Filter>
    <Filter Include="Source">
      <UniqueIdentifier>{32e8e1c5-e8f6-4850-be09-1ce1f2349f7f}</UniqueIdentifier>
    </Filter>
  </ItemGroup>
  <ItemGroup>
    <ClInclude Include="Resource.h">
      <Filter>Source</Filter>
    </ClInclude>
    <ClInclude Include="..\Source\SampleScenes.h">
      <Filter>Source</Filter>
    </ClInclude>
    <ClInclude Include="..\Source\Windows\RaytracerWindows.h">
      <Filter>Source</Filter>
    </ClInclude>
    <ClInclude Include="..\Source\Windows\Light.h">
      <Filter>Source</Filter>
    </ClInclude>
    <ClInclude Include="..\Source\Windows\CameraDX12.h">
      <Filter>Source</Filter>
    </ClInclude>
    <ClInclude Include="..\Source\Windows\MaterialDX12.h">
      <Filter>Source</Filter>
    </ClInclude>
  </ItemGroup>
  <ItemGroup>
    <ResourceCompile Include="RayTracerWindows.rc">
      <Filter>Resource Files</Filter>
    </ResourceCompile>
  </ItemGroup>
  <ItemGroup>
    <Image Include="small.ico">
      <Filter>Resource Files</Filter>
    </Image>
    <Image Include="RayTracerWindows.ico">
      <Filter>Resource Files</Filter>
    </Image>
  </ItemGroup>
  <ItemGroup>
    <ClCompile Include="..\Source\SampleScenes.cpp">
      <Filter>Source</Filter>
    </ClCompile>
    <ClCompile Include="WinMain.cpp">
      <Filter>Source</Filter>
    </ClCompile>
    <ClCompile Include="..\Source\Windows\RaytracerWindows.cpp" />
    <ClCompile Include="..\Source\Windows\Light.cpp">
      <Filter>Source</Filter>
    </ClCompile>
    <ClCompile Include="..\Source\Windows\CameraDX12.cpp">
      <Filter>Source</Filter>
    </ClCompile>
    <ClCompile Include="..\Source\Windows\MaterialDX12.cpp">
      <Filter>Source</Filter>
    </ClCompile>
  </ItemGroup>
</Project>