<?xml version="1.0" encoding="utf-8"?>
<Project ToolsVersion="4.0" xmlns="http://schemas.microsoft.com/developer/msbuild/2003">
  <ItemGroup>
    <Filter Include="Core">
      <UniqueIdentifier>{10deea71-2fc4-4b36-8098-d4c0b3ea772e}</UniqueIdentifier>
    </Filter>
    <Filter Include="ThirdParty">
      <UniqueIdentifier>{6e9c8515-f5a9-470c-a8e4-0270b8e25331}</UniqueIdentifier>
    </Filter>
    <Filter Include="ThirdParty\StbImage">
      <UniqueIdentifier>{e1dd1b7e-e77f-478f-a59d-68075144350e}</UniqueIdentifier>
    </Filter>
    <Filter Include="Realtime">
      <UniqueIdentifier>{78308edf-3765-46f3-848c-7791ccd1d25b}</UniqueIdentifier>
    </Filter>
    <Filter Include="ThirdParty\imgui">
      <UniqueIdentifier>{0e6e9232-cb2b-4745-89a4-b956d11d66e7}</UniqueIdentifier>
    </Filter>
    <Filter Include="Realtime\Shaders">
      <UniqueIdentifier>{6cbe4f03-3713-4875-8b47-55189da7d67e}</UniqueIdentifier>
    </Filter>
    <Filter Include="Realtime\Shaders\Raster">
      <UniqueIdentifier>{580120ae-1ae7-48bf-90ba-ba9647cc357e}</UniqueIdentifier>
    </Filter>
    <Filter Include="Realtime\Shaders\Raytrace">
      <UniqueIdentifier>{8fa26da3-84a2-4d49-aee4-a20d77722b9c}</UniqueIdentifier>
    </Filter>
    <Filter Include="Realtime\Shaders\Denoise">
      <UniqueIdentifier>{1ec93762-0605-4d03-a081-c639a0468f19}</UniqueIdentifier>
    </Filter>
    <Filter Include="Realtime\Renderer">
      <UniqueIdentifier>{fc065fb0-5774-4c9e-85dc-e8d5077a4857}</UniqueIdentifier>
    </Filter>
    <Filter Include="Realtime\Engine">
      <UniqueIdentifier>{519b933a-1b52-4928-97cc-0d26289346d8}</UniqueIdentifier>
    </Filter>
    <Filter Include="Cuda">
      <UniqueIdentifier>{b997344b-af3e-4ac1-8d80-95aa4c5e95d6}</UniqueIdentifier>
    </Filter>
  </ItemGroup>
  <ItemGroup>
    <ClInclude Include="..\..\ThirdParty\StbImage\stb_image.h">
      <Filter>ThirdParty\StbImage</Filter>
    </ClInclude>
    <ClInclude Include="..\..\ThirdParty\imgui\imconfig.h">
      <Filter>ThirdParty\imgui</Filter>
    </ClInclude>
    <ClInclude Include="..\..\ThirdParty\imgui\imgui.h">
      <Filter>ThirdParty\imgui</Filter>
    </ClInclude>
    <ClInclude Include="..\..\ThirdParty\imgui\imgui_internal.h">
      <Filter>ThirdParty\imgui</Filter>
    </ClInclude>
    <ClInclude Include="..\..\ThirdParty\imgui\imstb_rectpack.h">
      <Filter>ThirdParty\imgui</Filter>
    </ClInclude>
    <ClInclude Include="..\..\ThirdParty\imgui\imstb_textedit.h">
      <Filter>ThirdParty\imgui</Filter>
    </ClInclude>
    <ClInclude Include="..\..\ThirdParty\imgui\imstb_truetype.h">
      <Filter>ThirdParty\imgui</Filter>
    </ClInclude>
    <ClInclude Include="..\..\ThirdParty\imgui\examples\imgui_impl_dx12.h">
      <Filter>ThirdParty\imgui</Filter>
    </ClInclude>
    <ClInclude Include="..\..\ThirdParty\imgui\examples\imgui_impl_win32.h">
      <Filter>ThirdParty\imgui</Filter>
    </ClInclude>
    <ClInclude Include="..\..\Source\RealtimeEngine\Shaders\SVGF\SVGFCommon.h">
      <Filter>Realtime\Shaders\Denoise</Filter>
    </ClInclude>
    <ClInclude Include="..\..\Source\RealtimeEngine\Renderer\DenoisePass.hpp">
      <Filter>Realtime\Renderer</Filter>
    </ClInclude>
    <ClInclude Include="..\..\Source\RealtimeEngine\Renderer\HandleGui.hpp">
      <Filter>Realtime\Renderer</Filter>
    </ClInclude>
    <ClInclude Include="..\..\Source\RealtimeEngine\Renderer\HandleInput.hpp">
      <Filter>Realtime\Renderer</Filter>
    </ClInclude>
    <ClInclude Include="..\..\Source\RealtimeEngine\Renderer\RasterPass.hpp">
      <Filter>Realtime\Renderer</Filter>
    </ClInclude>
    <ClInclude Include="..\..\Source\RealtimeEngine\Renderer\RaytracingPass.hpp">
      <Filter>Realtime\Renderer</Filter>
    </ClInclude>
    <ClInclude Include="..\..\Source\RealtimeEngine\Renderer\RaytracingShaderInclude.h">
      <Filter>Realtime\Renderer</Filter>
    </ClInclude>
    <ClInclude Include="..\..\Source\RealtimeEngine\Renderer\Renderer.h">
      <Filter>Realtime\Renderer</Filter>
    </ClInclude>
    <ClInclude Include="..\..\Source\RealtimeEngine\Renderer\RendererShaderInclude.h">
      <Filter>Realtime\Renderer</Filter>
    </ClInclude>
    <ClInclude Include="..\..\Source\RealtimeEngine\CommandContext.h">
      <Filter>Realtime\Engine</Filter>
    </ClInclude>
    <ClInclude Include="..\..\Source\RealtimeEngine\CommandList.h">
      <Filter>Realtime\Engine</Filter>
    </ClInclude>
    <ClInclude Include="..\..\Source\RealtimeEngine\DescriptorHeapStack.h">
      <Filter>Realtime\Engine</Filter>
    </ClInclude>
    <ClInclude Include="..\..\Source\RealtimeEngine\Globals.h">
      <Filter>Realtime\Engine</Filter>
    </ClInclude>
    <ClInclude Include="..\..\Source\RealtimeEngine\GpuBuffer.h">
      <Filter>Realtime\Engine</Filter>
    </ClInclude>
    <ClInclude Include="..\..\Source\RealtimeEngine\GPUResource.h">
      <Filter>Realtime\Engine</Filter>
    </ClInclude>
    <ClInclude Include="..\..\Source\RealtimeEngine\LinearAllocator.h">
      <Filter>Realtime\Engine</Filter>
    </ClInclude>
    <ClInclude Include="..\..\Source\RealtimeEngine\PipelineStateObject.h">
      <Filter>Realtime\Engine</Filter>
    </ClInclude>
    <ClInclude Include="..\..\Source\RealtimeEngine\PlatformApp.h">
      <Filter>Realtime\Engine</Filter>
    </ClInclude>
    <ClInclude Include="..\..\Source\RealtimeEngine\RaytracingGeometry.h">
      <Filter>Realtime\Engine</Filter>
    </ClInclude>
    <ClInclude Include="..\..\Source\RealtimeEngine\RealtimeCamera.h">
      <Filter>Realtime\Engine</Filter>
    </ClInclude>
    <ClInclude Include="..\..\Source\RealtimeEngine\RealtimeScene.h">
      <Filter>Realtime\Engine</Filter>
    </ClInclude>
    <ClInclude Include="..\..\Source\RealtimeEngine\RealtimeSceneShaderInclude.h">
      <Filter>Realtime\Engine</Filter>
    </ClInclude>
    <ClInclude Include="..\..\Source\RealtimeEngine\RenderDevice.h">
      <Filter>Realtime\Engine</Filter>
    </ClInclude>
    <ClInclude Include="..\..\Source\RealtimeEngine\RenderInterface.h">
      <Filter>Realtime\Engine</Filter>
    </ClInclude>
    <ClInclude Include="..\..\Source\RealtimeEngine\RenderTarget.h">
      <Filter>Realtime\Engine</Filter>
    </ClInclude>
    <ClInclude Include="..\..\Source\RealtimeEngine\RootSignature.h">
      <Filter>Realtime\Engine</Filter>
    </ClInclude>
    <ClInclude Include="..\..\Source\RealtimeEngine\RTTexture.h">
      <Filter>Realtime\Engine</Filter>
    </ClInclude>
    <ClInclude Include="..\..\Source\RealtimeEngine\ShaderCompat.h">
      <Filter>Realtime\Engine</Filter>
    </ClInclude>
    <ClInclude Include="..\..\Source\Core\AABB.h">
      <Filter>Core</Filter>
    </ClInclude>
    <ClInclude Include="..\..\Source\Core\BVHNode.h">
      <Filter>Core</Filter>
    </ClInclude>
    <ClInclude Include="..\..\Source\Core\BVHNode.hpp">
      <Filter>Core</Filter>
    </ClInclude>
    <ClInclude Include="..\..\Source\Core\Camera.h">
      <Filter>Core</Filter>
    </ClInclude>
    <ClInclude Include="..\..\Source\Core\Camera.hpp">
      <Filter>Core</Filter>
    </ClInclude>
    <ClInclude Include="..\..\Source\Core\ConstantMedium.h">
      <Filter>Core</Filter>
    </ClInclude>
    <ClInclude Include="..\..\Source\Core\ConstantMedium.hpp">
      <Filter>Core</Filter>
    </ClInclude>
    <ClInclude Include="..\..\Source\Core\CoreTexture.h">
      <Filter>Core</Filter>
    </ClInclude>
    <ClInclude Include="..\..\Source\Core\CoreTexture.hpp">
      <Filter>Core</Filter>
    </ClInclude>
    <ClInclude Include="..\..\Source\Core\CoreTriangle.h">
      <Filter>Core</Filter>
    </ClInclude>
    <ClInclude Include="..\..\Source\Core\CoreTriangle.hpp">
      <Filter>Core</Filter>
    </ClInclude>
    <ClInclude Include="..\..\Source\Core\FlipNormals.h">
      <Filter>Core</Filter>
    </ClInclude>
    <ClInclude Include="..\..\Source\Core\FlipNormals.hpp">
      <Filter>Core</Filter>
    </ClInclude>
    <ClInclude Include="..\..\Source\Core\HitableBox.h">
      <Filter>Core</Filter>
    </ClInclude>
    <ClInclude Include="..\..\Source\Core\HitableBox.hpp">
      <Filter>Core</Filter>
    </ClInclude>
    <ClInclude Include="..\..\Source\Core\HitableList.h">
      <Filter>Core</Filter>
    </ClInclude>
    <ClInclude Include="..\..\Source\Core\HitableList.hpp">
      <Filter>Core</Filter>
    </ClInclude>
    <ClInclude Include="..\..\Source\Core\HitableTransform.h">
      <Filter>Core</Filter>
    </ClInclude>
    <ClInclude Include="..\..\Source\Core\HitableTransform.hpp">
      <Filter>Core</Filter>
    </ClInclude>
    <ClInclude Include="..\..\Source\Core\IHitable.h">
      <Filter>Core</Filter>
    </ClInclude>
    <ClInclude Include="..\..\Source\Core\ImageIO.h">
      <Filter>Core</Filter>
    </ClInclude>
    <ClInclude Include="..\..\Source\Core\ImageIO.hpp">
      <Filter>Core</Filter>
    </ClInclude>
    <ClInclude Include="..\..\Source\Core\Material.h">
      <Filter>Core</Filter>
    </ClInclude>
    <ClInclude Include="..\..\Source\Core\Material.hpp">
      <Filter>Core</Filter>
    </ClInclude>
    <ClInclude Include="..\..\Source\Core\MovingSphere.h">
      <Filter>Core</Filter>
    </ClInclude>
    <ClInclude Include="..\..\Source\Core\MovingSphere.hpp">
      <Filter>Core</Filter>
    </ClInclude>
    <ClInclude Include="..\..\Source\Core\OrthoNormalBasis.h">
      <Filter>Core</Filter>
    </ClInclude>
    <ClInclude Include="..\..\Source\Core\Pdf.h">
      <Filter>Core</Filter>
    </ClInclude>
    <ClInclude Include="..\..\Source\Core\Perlin.h">
      <Filter>Core</Filter>
    </ClInclude>
    <ClInclude Include="..\..\Source\Core\Perlin.hpp">
      <Filter>Core</Filter>
    </ClInclude>
    <ClInclude Include="..\..\Source\Core\Quat.h">
      <Filter>Core</Filter>
    </ClInclude>
    <ClInclude Include="..\..\Source\Core\Ray.h">
      <Filter>Core</Filter>
    </ClInclude>
    <ClInclude Include="..\..\Source\Core\Raytracer.h">
      <Filter>Core</Filter>
    </ClInclude>
    <ClInclude Include="..\..\Source\Core\Raytracer.hpp">
      <Filter>Core</Filter>
    </ClInclude>
    <ClInclude Include="..\..\Source\Core\SafeQueue.h">
      <Filter>Core</Filter>
    </ClInclude>
    <ClInclude Include="..\..\Source\Core\SampleScenes.h">
      <Filter>Core</Filter>
    </ClInclude>
    <ClInclude Include="..\..\Source\Core\SampleScenes.hpp">
      <Filter>Core</Filter>
    </ClInclude>
    <ClInclude Include="..\..\Source\Core\Sphere.h">
      <Filter>Core</Filter>
    </ClInclude>
    <ClInclude Include="..\..\Source\Core\Sphere.hpp">
      <Filter>Core</Filter>
    </ClInclude>
    <ClInclude Include="..\..\Source\Core\Systems.h">
      <Filter>Core</Filter>
    </ClInclude>
    <ClInclude Include="..\..\Source\Core\ThreadEvent.h">
      <Filter>Core</Filter>
    </ClInclude>
    <ClInclude Include="..\..\Source\Core\TriMesh.h">
      <Filter>Core</Filter>
    </ClInclude>
    <ClInclude Include="..\..\Source\Core\TriMesh.hpp">
      <Filter>Core</Filter>
    </ClInclude>
    <ClInclude Include="..\..\Source\Core\Util.h">
      <Filter>Core</Filter>
    </ClInclude>
    <ClInclude Include="..\..\Source\Core\Util.hpp">
      <Filter>Core</Filter>
    </ClInclude>
    <ClInclude Include="..\..\Source\Core\Vec4.h">
      <Filter>Core</Filter>
    </ClInclude>
    <ClInclude Include="..\..\Source\Core\WorldScene.h">
      <Filter>Core</Filter>
    </ClInclude>
    <ClInclude Include="..\..\Source\Core\XYZRect.h">
      <Filter>Core</Filter>
    </ClInclude>
    <ClInclude Include="..\..\Source\Core\XYZRect.hpp">
      <Filter>Core</Filter>
    </ClInclude>
  </ItemGroup>
  <ItemGroup>
    <ClCompile Include="..\..\ThirdParty\StbImage\StbImageImpl.cpp">
      <Filter>ThirdParty\StbImage</Filter>
    </ClCompile>
    <ClCompile Include="..\..\ThirdParty\imgui\imgui.cpp">
      <Filter>ThirdParty\imgui</Filter>
    </ClCompile>
    <ClCompile Include="..\..\ThirdParty\imgui\imgui_draw.cpp">
      <Filter>ThirdParty\imgui</Filter>
    </ClCompile>
    <ClCompile Include="..\..\ThirdParty\imgui\imgui_widgets.cpp">
      <Filter>ThirdParty\imgui</Filter>
    </ClCompile>
    <ClCompile Include="..\..\ThirdParty\imgui\examples\imgui_impl_dx12.cpp">
      <Filter>ThirdParty\imgui</Filter>
    </ClCompile>
    <ClCompile Include="..\..\ThirdParty\imgui\examples\imgui_impl_win32.cpp">
      <Filter>ThirdParty\imgui</Filter>
    </ClCompile>
    <ClCompile Include="..\..\ThirdParty\imgui\imgui_demo.cpp">
      <Filter>ThirdParty\imgui</Filter>
    </ClCompile>
    <ClCompile Include="..\..\Source\RealtimeEngine\Renderer\Renderer.cpp">
      <Filter>Realtime\Renderer</Filter>
    </ClCompile>
    <ClCompile Include="..\..\Source\RealtimeEngine\CommandContext.cpp">
      <Filter>Realtime\Engine</Filter>
    </ClCompile>
    <ClCompile Include="..\..\Source\RealtimeEngine\CommandList.cpp">
      <Filter>Realtime\Engine</Filter>
    </ClCompile>
    <ClCompile Include="..\..\Source\RealtimeEngine\DescriptorHeapStack.cpp">
      <Filter>Realtime\Engine</Filter>
    </ClCompile>
    <ClCompile Include="..\..\Source\RealtimeEngine\GpuBuffer.cpp">
      <Filter>Realtime\Engine</Filter>
    </ClCompile>
    <ClCompile Include="..\..\Source\RealtimeEngine\LinearAllocator.cpp">
      <Filter>Realtime\Engine</Filter>
    </ClCompile>
    <ClCompile Include="..\..\Source\RealtimeEngine\PipelineStateObject.cpp">
      <Filter>Realtime\Engine</Filter>
    </ClCompile>
    <ClCompile Include="..\..\Source\RealtimeEngine\PlatformApp.cpp">
      <Filter>Realtime\Engine</Filter>
    </ClCompile>
    <ClCompile Include="..\..\Source\RealtimeEngine\RaytracingGeometry.cpp">
      <Filter>Realtime\Engine</Filter>
    </ClCompile>
    <ClCompile Include="..\..\Source\RealtimeEngine\RealtimeCamera.cpp">
      <Filter>Realtime\Engine</Filter>
    </ClCompile>
    <ClCompile Include="..\..\Source\RealtimeEngine\RealtimeScene.cpp">
      <Filter>Realtime\Engine</Filter>
    </ClCompile>
    <ClCompile Include="..\..\Source\RealtimeEngine\RenderDevice.cpp">
      <Filter>Realtime\Engine</Filter>
    </ClCompile>
    <ClCompile Include="..\..\Source\RealtimeEngine\RenderTarget.cpp">
      <Filter>Realtime\Engine</Filter>
    </ClCompile>
    <ClCompile Include="..\..\Source\RealtimeEngine\RootSignature.cpp">
      <Filter>Realtime\Engine</Filter>
    </ClCompile>
    <ClCompile Include="..\..\Source\RealtimeEngine\RTTexture.cpp">
      <Filter>Realtime\Engine</Filter>
    </ClCompile>
    <ClCompile Include="..\..\Source\Core\CPUCompile.cpp">
      <Filter>Core</Filter>
    </ClCompile>
  </ItemGroup>
  <ItemGroup>
    <None Include="RayTracerLib.licenseheader" />
    <None Include="..\..\Source\RealtimeEngine\Shaders\RaytracingHelpers.hlsli">
      <Filter>Realtime\Shaders\Raytrace</Filter>
    </None>
  </ItemGroup>
  <ItemGroup>
    <FxCompile Include="..\..\Source\RealtimeEngine\Shaders\CompositePass_PS.hlsl">
      <Filter>Realtime\Shaders\Raster</Filter>
    </FxCompile>
    <FxCompile Include="..\..\Source\RealtimeEngine\Shaders\CompositePass_VS.hlsl">
      <Filter>Realtime\Shaders\Raster</Filter>
    </FxCompile>
    <FxCompile Include="..\..\Source\RealtimeEngine\Shaders\GeometryPass_PS.hlsl">
      <Filter>Realtime\Shaders\Raster</Filter>
    </FxCompile>
    <FxCompile Include="..\..\Source\RealtimeEngine\Shaders\GeometryPass_VS.hlsl">
      <Filter>Realtime\Shaders\Raster</Filter>
    </FxCompile>
    <FxCompile Include="..\..\Source\RealtimeEngine\Shaders\Raytracing.hlsl">
      <Filter>Realtime\Shaders\Raytrace</Filter>
    </FxCompile>
    <FxCompile Include="..\..\Source\RealtimeEngine\Shaders\SVGF\SVGFAtrous_CS.hlsl">
      <Filter>Realtime\Shaders\Denoise</Filter>
    </FxCompile>
    <FxCompile Include="..\..\Source\RealtimeEngine\Shaders\SVGF\SVGFFilterMoments_CS.hlsl">
      <Filter>Realtime\Shaders\Denoise</Filter>
    </FxCompile>
    <FxCompile Include="..\..\Source\RealtimeEngine\Shaders\SVGF\SVGFReproject_CS.hlsl">
      <Filter>Realtime\Shaders\Denoise</Filter>
    </FxCompile>
  </ItemGroup>
  <ItemGroup>
    <CudaCompile Include="..\..\Source\Cuda\test.cu" />
  </ItemGroup>
</Project>