<?xml version="1.0" encoding="utf-8"?>
<Project ToolsVersion="4.0" xmlns="http://schemas.microsoft.com/developer/msbuild/2003">
  <ItemGroup>
    <Filter Include="Resource Files">
      <UniqueIdentifier>{67DA6AB6-F800-4c08-8B7A-83BB121AAD01}</UniqueIdentifier>
      <Extensions>rc;ico;cur;bmp;dlg;rc2;rct;bin;rgs;gif;jpg;jpeg;jpe;resx;tiff;tif;png;wav;mfcribbon-ms</Extensions>
    </Filter>
    <Filter Include="Source">
      <UniqueIdentifier>{32e8e1c5-e8f6-4850-be09-1ce1f2349f7f}</UniqueIdentifier>
    </Filter>
    <Filter Include="Shaders">
      <UniqueIdentifier>{3335aa2c-b747-49b4-89d5-c673be41be9e}</UniqueIdentifier>
    </Filter>
    <Filter Include="Source\Render">
      <UniqueIdentifier>{39354d31-0fe7-44c2-ac94-72d4db55f16e}</UniqueIdentifier>
    </Filter>
    <Filter Include="Source\Realtime Engine">
      <UniqueIdentifier>{6d199c18-d450-4e18-805d-84cd5bf27efa}</UniqueIdentifier>
    </Filter>
  </ItemGroup>
  <ItemGroup>
    <ClInclude Include="..\..\Source\Windows\CameraDX12.h">
      <Filter>Source\Render</Filter>
    </ClInclude>
    <ClInclude Include="..\..\Source\Windows\RaytracerWindows.h">
      <Filter>Source\Render</Filter>
    </ClInclude>
    <ClInclude Include="..\..\Source\SampleScenes.h">
      <Filter>Source</Filter>
    </ClInclude>
    <ClInclude Include="..\..\Source\Windows\ShaderStructs.h">
      <Filter>Shaders</Filter>
    </ClInclude>
    <ClInclude Include="..\..\Source\Windows\Resource.h">
      <Filter>Resource Files</Filter>
    </ClInclude>
    <ClInclude Include="..\..\Source\Windows\SceneConvert.hpp">
      <Filter>Source\Render</Filter>
    </ClInclude>
    <ClInclude Include="..\..\Source\Renderer.h">
      <Filter>Source</Filter>
    </ClInclude>
    <ClInclude Include="..\..\Source\RealtimeEngine\Color.h">
      <Filter>Source\Realtime Engine</Filter>
    </ClInclude>
    <ClInclude Include="..\..\Source\RealtimeEngine\ColorBuffer.h">
      <Filter>Source\Realtime Engine</Filter>
    </ClInclude>
    <ClInclude Include="..\..\Source\RealtimeEngine\CommandContext.h">
      <Filter>Source\Realtime Engine</Filter>
    </ClInclude>
    <ClInclude Include="..\..\Source\RealtimeEngine\CommandList.h">
      <Filter>Source\Realtime Engine</Filter>
    </ClInclude>
    <ClInclude Include="..\..\Source\RealtimeEngine\DepthBuffer.h">
      <Filter>Source\Realtime Engine</Filter>
    </ClInclude>
    <ClInclude Include="..\..\Source\RealtimeEngine\DescriptorHeap.h">
      <Filter>Source\Realtime Engine</Filter>
    </ClInclude>
    <ClInclude Include="..\..\Source\RealtimeEngine\DynamicDescriptorHeap.h">
      <Filter>Source\Realtime Engine</Filter>
    </ClInclude>
    <ClInclude Include="..\..\Source\RealtimeEngine\Globals.h">
      <Filter>Source\Realtime Engine</Filter>
    </ClInclude>
    <ClInclude Include="..\..\Source\RealtimeEngine\GpuBuffer.h">
      <Filter>Source\Realtime Engine</Filter>
    </ClInclude>
    <ClInclude Include="..\..\Source\RealtimeEngine\GPUResource.h">
      <Filter>Source\Realtime Engine</Filter>
    </ClInclude>
    <ClInclude Include="..\..\Source\RealtimeEngine\IDeviceNotify.h">
      <Filter>Source\Realtime Engine</Filter>
    </ClInclude>
    <ClInclude Include="..\..\Source\RealtimeEngine\LinearAllocator.h">
      <Filter>Source\Realtime Engine</Filter>
    </ClInclude>
    <ClInclude Include="..\..\Source\RealtimeEngine\PipelineStateObject.h">
      <Filter>Source\Realtime Engine</Filter>
    </ClInclude>
    <ClInclude Include="..\..\Source\RealtimeEngine\PixelBuffer.h">
      <Filter>Source\Realtime Engine</Filter>
    </ClInclude>
    <ClInclude Include="..\..\Source\RealtimeEngine\PlatformApp.h">
      <Filter>Source\Realtime Engine</Filter>
    </ClInclude>
    <ClInclude Include="..\..\Source\RealtimeEngine\RenderDevice.h">
      <Filter>Source\Realtime Engine</Filter>
    </ClInclude>
    <ClInclude Include="..\..\Source\RealtimeEngine\RenderInterface.h">
      <Filter>Source\Realtime Engine</Filter>
    </ClInclude>
    <ClInclude Include="..\..\Source\RealtimeEngine\RootSignature.h">
      <Filter>Source\Realtime Engine</Filter>
    </ClInclude>
    <ClInclude Include="..\..\Source\RealtimeEngine\Texture.h">
      <Filter>Source\Realtime Engine</Filter>
    </ClInclude>
  </ItemGroup>
  <ItemGroup>
    <ResourceCompile Include="RayTracerWindows.rc">
      <Filter>Resource Files</Filter>
    </ResourceCompile>
  </ItemGroup>
  <ItemGroup>
    <Image Include="small.ico">
      <Filter>Resource Files</Filter>
    </Image>
    <Image Include="RayTracerWindows.ico">
      <Filter>Resource Files</Filter>
    </Image>
  </ItemGroup>
  <ItemGroup>
    <ClCompile Include="..\..\Source\Windows\WinMain.cpp">
      <Filter>Source</Filter>
    </ClCompile>
    <ClCompile Include="..\..\Source\Windows\CameraDX12.cpp">
      <Filter>Source\Render</Filter>
    </ClCompile>
    <ClCompile Include="..\..\Source\Windows\RaytracerWindows.cpp">
      <Filter>Source\Render</Filter>
    </ClCompile>
    <ClCompile Include="..\..\Source\SampleScenes.cpp">
      <Filter>Source</Filter>
    </ClCompile>
    <ClCompile Include="..\..\Source\Renderer.cpp">
      <Filter>Source</Filter>
    </ClCompile>
    <ClCompile Include="..\..\Source\RealtimeEngine\Color.cpp">
      <Filter>Source\Realtime Engine</Filter>
    </ClCompile>
    <ClCompile Include="..\..\Source\RealtimeEngine\ColorBuffer.cpp">
      <Filter>Source\Realtime Engine</Filter>
    </ClCompile>
    <ClCompile Include="..\..\Source\RealtimeEngine\CommandContext.cpp">
      <Filter>Source\Realtime Engine</Filter>
    </ClCompile>
    <ClCompile Include="..\..\Source\RealtimeEngine\CommandList.cpp">
      <Filter>Source\Realtime Engine</Filter>
    </ClCompile>
    <ClCompile Include="..\..\Source\RealtimeEngine\DepthBuffer.cpp">
      <Filter>Source\Realtime Engine</Filter>
    </ClCompile>
    <ClCompile Include="..\..\Source\RealtimeEngine\DescriptorHeap.cpp">
      <Filter>Source\Realtime Engine</Filter>
    </ClCompile>
    <ClCompile Include="..\..\Source\RealtimeEngine\DynamicDescriptorHeap.cpp">
      <Filter>Source\Realtime Engine</Filter>
    </ClCompile>
    <ClCompile Include="..\..\Source\RealtimeEngine\Globals.cpp">
      <Filter>Source\Realtime Engine</Filter>
    </ClCompile>
    <ClCompile Include="..\..\Source\RealtimeEngine\GpuBuffer.cpp">
      <Filter>Source\Realtime Engine</Filter>
    </ClCompile>
    <ClCompile Include="..\..\Source\RealtimeEngine\LinearAllocator.cpp">
      <Filter>Source\Realtime Engine</Filter>
    </ClCompile>
    <ClCompile Include="..\..\Source\RealtimeEngine\PipelineStateObject.cpp">
      <Filter>Source\Realtime Engine</Filter>
    </ClCompile>
    <ClCompile Include="..\..\Source\RealtimeEngine\PixelBuffer.cpp">
      <Filter>Source\Realtime Engine</Filter>
    </ClCompile>
    <ClCompile Include="..\..\Source\RealtimeEngine\PlatformApp.cpp">
      <Filter>Source\Realtime Engine</Filter>
    </ClCompile>
    <ClCompile Include="..\..\Source\RealtimeEngine\RenderDevice.cpp">
      <Filter>Source\Realtime Engine</Filter>
    </ClCompile>
    <ClCompile Include="..\..\Source\RealtimeEngine\RootSignature.cpp">
      <Filter>Source\Realtime Engine</Filter>
    </ClCompile>
    <ClCompile Include="..\..\Source\RealtimeEngine\Texture.cpp">
      <Filter>Source\Realtime Engine</Filter>
    </ClCompile>
  </ItemGroup>
  <ItemGroup>
    <FxCompile Include="..\..\Source\Windows\Shaders\FullscreenQuad_PS.hlsl">
      <Filter>Shaders</Filter>
    </FxCompile>
    <FxCompile Include="..\..\Source\Windows\Shaders\FullscreenQuad_VS.hlsl">
      <Filter>Shaders</Filter>
    </FxCompile>
    <FxCompile Include="..\..\Source\Windows\Shaders\Lighting.hlsl">
      <Filter>Shaders</Filter>
    </FxCompile>
    <FxCompile Include="..\..\Source\Windows\Shaders\Preview_PS.hlsl">
      <Filter>Shaders</Filter>
    </FxCompile>
    <FxCompile Include="..\..\Source\Windows\Shaders\Preview_VS.hlsl">
      <Filter>Shaders</Filter>
    </FxCompile>
    <FxCompile Include="..\..\Source\Windows\Shaders\ShaderStructs.hlsl">
      <Filter>Shaders</Filter>
    </FxCompile>
    <FxCompile Include="..\..\Source\Windows\Shaders\Shadowmap_PS.hlsl">
      <Filter>Shaders</Filter>
    </FxCompile>
    <FxCompile Include="..\..\Source\Windows\Shaders\Shadowmap_VS.hlsl">
      <Filter>Shaders</Filter>
    </FxCompile>
  </ItemGroup>
</Project>