<?xml version="1.0" encoding="utf-8"?>
<Project ToolsVersion="4.0" xmlns="http://schemas.microsoft.com/developer/msbuild/2003">
  <ItemGroup>
    <Filter Include="Resource Files">
      <UniqueIdentifier>{67DA6AB6-F800-4c08-8B7A-83BB121AAD01}</UniqueIdentifier>
      <Extensions>rc;ico;cur;bmp;dlg;rc2;rct;bin;rgs;gif;jpg;jpeg;jpe;resx;tiff;tif;png;wav;mfcribbon-ms</Extensions>
    </Filter>
    <Filter Include="Source">
      <UniqueIdentifier>{32e8e1c5-e8f6-4850-be09-1ce1f2349f7f}</UniqueIdentifier>
    </Filter>
    <Filter Include="Shaders">
      <UniqueIdentifier>{3335aa2c-b747-49b4-89d5-c673be41be9e}</UniqueIdentifier>
    </Filter>
    <Filter Include="Source\Render">
      <UniqueIdentifier>{39354d31-0fe7-44c2-ac94-72d4db55f16e}</UniqueIdentifier>
    </Filter>
    <Filter Include="Source\Realtime">
      <UniqueIdentifier>{6d199c18-d450-4e18-805d-84cd5bf27efa}</UniqueIdentifier>
    </Filter>
  </ItemGroup>
  <ItemGroup>
    <ClInclude Include="..\..\Source\Windows\CameraDX12.h">
      <Filter>Source\Render</Filter>
    </ClInclude>
    <ClInclude Include="..\..\Source\Windows\RaytracerWindows.h">
      <Filter>Source\Render</Filter>
    </ClInclude>
    <ClInclude Include="..\..\Source\SampleScenes.h">
      <Filter>Source</Filter>
    </ClInclude>
    <ClInclude Include="..\..\Source\Windows\ShaderStructs.h">
      <Filter>Shaders</Filter>
    </ClInclude>
    <ClInclude Include="..\..\Source\Windows\Resource.h">
      <Filter>Resource Files</Filter>
    </ClInclude>
    <ClInclude Include="..\..\Source\Windows\SceneConvert.hpp">
      <Filter>Source\Render</Filter>
    </ClInclude>
    <ClInclude Include="..\..\Source\Realtime\Globals.h">
      <Filter>Source\Realtime</Filter>
    </ClInclude>
    <ClInclude Include="..\..\Source\Realtime\IDeviceNotify.h">
      <Filter>Source\Realtime</Filter>
    </ClInclude>
    <ClInclude Include="..\..\Source\WindowsRenderApp.h">
      <Filter>Source\Render</Filter>
    </ClInclude>
    <ClInclude Include="..\..\Source\Realtime\PlatformApp.h">
      <Filter>Source\Realtime</Filter>
    </ClInclude>
    <ClInclude Include="..\..\Source\Realtime\RenderInterface.h">
      <Filter>Source\Realtime</Filter>
    </ClInclude>
    <ClInclude Include="..\..\Source\Realtime\Renderer.h">
      <Filter>Source\Realtime</Filter>
    </ClInclude>
    <ClInclude Include="..\..\Source\Realtime\GPUResource.h">
      <Filter>Source\Realtime</Filter>
    </ClInclude>
    <ClInclude Include="..\..\Source\Realtime\RootSignature.h">
      <Filter>Source\Realtime</Filter>
    </ClInclude>
    <ClInclude Include="..\..\Source\Realtime\RenderDevice.h">
      <Filter>Source\Realtime</Filter>
    </ClInclude>
    <ClInclude Include="..\..\Source\Realtime\PipelineStateObject.h">
      <Filter>Source\Realtime</Filter>
    </ClInclude>
    <ClInclude Include="..\..\Source\Realtime\Texture.h">
      <Filter>Source\Realtime</Filter>
    </ClInclude>
    <ClInclude Include="..\..\Source\Realtime\CommandContext.h">
      <Filter>Source\Realtime</Filter>
    </ClInclude>
    <ClInclude Include="..\..\Source\Realtime\GpuBuffer.h">
      <Filter>Source\Realtime</Filter>
    </ClInclude>
    <ClInclude Include="..\..\Source\Realtime\LinearAllocator.h">
      <Filter>Source\Realtime</Filter>
    </ClInclude>
    <ClInclude Include="..\..\Source\Realtime\CommandList.h">
      <Filter>Source\Realtime</Filter>
    </ClInclude>
    <ClInclude Include="..\..\Source\Realtime\DescriptorHeap.h">
      <Filter>Source\Realtime</Filter>
    </ClInclude>
    <ClInclude Include="..\..\Source\Realtime\Color.h">
      <Filter>Source\Realtime</Filter>
    </ClInclude>
    <ClInclude Include="..\..\Source\Realtime\DynamicDescriptorHeap.h">
      <Filter>Source\Realtime</Filter>
    </ClInclude>
    <ClInclude Include="..\..\Source\Realtime\ColorBuffer.h">
      <Filter>Source\Realtime</Filter>
    </ClInclude>
    <ClInclude Include="..\..\Source\Realtime\PixelBuffer.h">
      <Filter>Source\Realtime</Filter>
    </ClInclude>
    <ClInclude Include="..\..\Source\Realtime\DepthBuffer.h">
      <Filter>Source\Realtime</Filter>
    </ClInclude>
  </ItemGroup>
  <ItemGroup>
    <ResourceCompile Include="RayTracerWindows.rc">
      <Filter>Resource Files</Filter>
    </ResourceCompile>
  </ItemGroup>
  <ItemGroup>
    <Image Include="small.ico">
      <Filter>Resource Files</Filter>
    </Image>
    <Image Include="RayTracerWindows.ico">
      <Filter>Resource Files</Filter>
    </Image>
  </ItemGroup>
  <ItemGroup>
    <ClCompile Include="..\..\Source\Windows\WinMain.cpp">
      <Filter>Source</Filter>
    </ClCompile>
    <ClCompile Include="..\..\Source\Windows\CameraDX12.cpp">
      <Filter>Source\Render</Filter>
    </ClCompile>
    <ClCompile Include="..\..\Source\Windows\RaytracerWindows.cpp">
      <Filter>Source\Render</Filter>
    </ClCompile>
    <ClCompile Include="..\..\Source\SampleScenes.cpp">
      <Filter>Source</Filter>
    </ClCompile>
    <ClCompile Include="..\..\Source\Realtime\PlatformApp.cpp">
      <Filter>Source\Realtime</Filter>
    </ClCompile>
    <ClCompile Include="..\..\Source\Realtime\Renderer.cpp">
      <Filter>Source\Realtime</Filter>
    </ClCompile>
    <ClCompile Include="..\..\Source\Realtime\RootSignature.cpp">
      <Filter>Source\Realtime</Filter>
    </ClCompile>
    <ClCompile Include="..\..\Source\Realtime\RenderDevice.cpp">
      <Filter>Source\Realtime</Filter>
    </ClCompile>
    <ClCompile Include="..\..\Source\Realtime\Texture.cpp">
      <Filter>Source\Realtime</Filter>
    </ClCompile>
    <ClCompile Include="..\..\Source\Realtime\PipelineStateObject.cpp">
      <Filter>Source\Realtime</Filter>
    </ClCompile>
    <ClCompile Include="..\..\Source\Realtime\CommandContext.cpp">
      <Filter>Source\Realtime</Filter>
    </ClCompile>
    <ClCompile Include="..\..\Source\Realtime\GpuBuffer.cpp">
      <Filter>Source\Realtime</Filter>
    </ClCompile>
    <ClCompile Include="..\..\Source\Realtime\LinearAllocator.cpp">
      <Filter>Source\Realtime</Filter>
    </ClCompile>
    <ClCompile Include="..\..\Source\Realtime\CommandList.cpp">
      <Filter>Source\Realtime</Filter>
    </ClCompile>
    <ClCompile Include="..\..\Source\Realtime\DescriptorHeap.cpp">
      <Filter>Source\Realtime</Filter>
    </ClCompile>
    <ClCompile Include="..\..\Source\Realtime\Color.cpp">
      <Filter>Source\Realtime</Filter>
    </ClCompile>
    <ClCompile Include="..\..\Source\Realtime\DynamicDescriptorHeap.cpp">
      <Filter>Source\Realtime</Filter>
    </ClCompile>
    <ClCompile Include="..\..\Source\Realtime\Globals.cpp">
      <Filter>Source\Realtime</Filter>
    </ClCompile>
    <ClCompile Include="..\..\Source\Realtime\PixelBuffer.cpp">
      <Filter>Source\Realtime</Filter>
    </ClCompile>
    <ClCompile Include="..\..\Source\Realtime\ColorBuffer.cpp">
      <Filter>Source\Realtime</Filter>
    </ClCompile>
    <ClCompile Include="..\..\Source\Realtime\DepthBuffer.cpp">
      <Filter>Source\Realtime</Filter>
    </ClCompile>
  </ItemGroup>
  <ItemGroup>
    <FxCompile Include="..\..\Source\Windows\Shaders\FullscreenQuad_PS.hlsl">
      <Filter>Shaders</Filter>
    </FxCompile>
    <FxCompile Include="..\..\Source\Windows\Shaders\FullscreenQuad_VS.hlsl">
      <Filter>Shaders</Filter>
    </FxCompile>
    <FxCompile Include="..\..\Source\Windows\Shaders\Lighting.hlsl">
      <Filter>Shaders</Filter>
    </FxCompile>
    <FxCompile Include="..\..\Source\Windows\Shaders\Preview_PS.hlsl">
      <Filter>Shaders</Filter>
    </FxCompile>
    <FxCompile Include="..\..\Source\Windows\Shaders\Preview_VS.hlsl">
      <Filter>Shaders</Filter>
    </FxCompile>
    <FxCompile Include="..\..\Source\Windows\Shaders\ShaderStructs.hlsl">
      <Filter>Shaders</Filter>
    </FxCompile>
    <FxCompile Include="..\..\Source\Windows\Shaders\Shadowmap_PS.hlsl">
      <Filter>Shaders</Filter>
    </FxCompile>
    <FxCompile Include="..\..\Source\Windows\Shaders\Shadowmap_VS.hlsl">
      <Filter>Shaders</Filter>
    </FxCompile>
  </ItemGroup>
</Project>