<?xml version="1.0" encoding="utf-8"?>
<Project ToolsVersion="4.0" xmlns="http://schemas.microsoft.com/developer/msbuild/2003">
  <ItemGroup>
    <Filter Include="Core">
      <UniqueIdentifier>{10deea71-2fc4-4b36-8098-d4c0b3ea772e}</UniqueIdentifier>
    </Filter>
    <Filter Include="Core\Headers">
      <UniqueIdentifier>{f3893b71-f5b0-465c-8b35-303f8a4ba17d}</UniqueIdentifier>
    </Filter>
    <Filter Include="Core\Implementation">
      <UniqueIdentifier>{a971e078-5546-438b-a46d-7a2d7bc751ad}</UniqueIdentifier>
    </Filter>
    <Filter Include="3rdParty">
      <UniqueIdentifier>{6e9c8515-f5a9-470c-a8e4-0270b8e25331}</UniqueIdentifier>
    </Filter>
    <Filter Include="3rdParty\StbImage">
      <UniqueIdentifier>{e1dd1b7e-e77f-478f-a59d-68075144350e}</UniqueIdentifier>
    </Filter>
  </ItemGroup>
  <ItemGroup>
    <ClInclude Include="..\Source\Core\AABB.h">
      <Filter>Core\Headers</Filter>
    </ClInclude>
    <ClInclude Include="..\Source\Core\BVHNode.h">
      <Filter>Core\Headers</Filter>
    </ClInclude>
    <ClInclude Include="..\Source\Core\Camera.h">
      <Filter>Core\Headers</Filter>
    </ClInclude>
    <ClInclude Include="..\Source\Core\ConstantMedium.h">
      <Filter>Core\Headers</Filter>
    </ClInclude>
    <ClInclude Include="..\Source\Core\FlipNormals.h">
      <Filter>Core\Headers</Filter>
    </ClInclude>
    <ClInclude Include="..\Source\Core\HitableBox.h">
      <Filter>Core\Headers</Filter>
    </ClInclude>
    <ClInclude Include="..\Source\Core\HitableTransform.h">
      <Filter>Core\Headers</Filter>
    </ClInclude>
    <ClInclude Include="..\Source\Core\IHitable.h">
      <Filter>Core\Headers</Filter>
    </ClInclude>
    <ClInclude Include="..\Source\Core\HitableList.h">
      <Filter>Core\Headers</Filter>
    </ClInclude>
    <ClInclude Include="..\Source\Core\Material.h">
      <Filter>Core\Headers</Filter>
    </ClInclude>
    <ClInclude Include="..\Source\Core\MovingSphere.h">
      <Filter>Core\Headers</Filter>
    </ClInclude>
    <ClInclude Include="..\Source\Core\Perlin.h">
      <Filter>Core\Headers</Filter>
    </ClInclude>
    <ClInclude Include="..\Source\Core\Ray.h">
      <Filter>Core\Headers</Filter>
    </ClInclude>
    <ClInclude Include="..\Source\Core\Raytracer.h">
      <Filter>Core\Headers</Filter>
    </ClInclude>
    <ClInclude Include="..\Source\Core\Sphere.h">
      <Filter>Core\Headers</Filter>
    </ClInclude>
    <ClInclude Include="..\Source\Core\Texture.h">
      <Filter>Core\Headers</Filter>
    </ClInclude>
    <ClInclude Include="..\Source\Core\Util.h">
      <Filter>Core\Headers</Filter>
    </ClInclude>
    <ClInclude Include="..\Source\Core\Vec3.h">
      <Filter>Core\Headers</Filter>
    </ClInclude>
    <ClInclude Include="..\Source\Core\XYZRect.h">
      <Filter>Core\Headers</Filter>
    </ClInclude>
    <ClInclude Include="..\Source\StbImage\stb_image.h">
      <Filter>3rdParty\StbImage</Filter>
    </ClInclude>
    <ClInclude Include="..\Source\Core\ImageIO.h">
      <Filter>Core\Headers</Filter>
    </ClInclude>
    <ClInclude Include="..\Source\Core\ThreadEvent.h">
      <Filter>Core\Headers</Filter>
    </ClInclude>
    <ClInclude Include="..\Source\Core\Quat.h">
      <Filter>Core\Headers</Filter>
    </ClInclude>
  </ItemGroup>
  <ItemGroup>
    <ClCompile Include="..\Source\Core\BVHNode.cpp">
      <Filter>Core\Implementation</Filter>
    </ClCompile>
    <ClCompile Include="..\Source\Core\Camera.cpp">
      <Filter>Core\Implementation</Filter>
    </ClCompile>
    <ClCompile Include="..\Source\Core\ConstantMedium.cpp">
      <Filter>Core\Implementation</Filter>
    </ClCompile>
    <ClCompile Include="..\Source\Core\FlipNormals.cpp">
      <Filter>Core\Implementation</Filter>
    </ClCompile>
    <ClCompile Include="..\Source\Core\HitableBox.cpp">
      <Filter>Core\Implementation</Filter>
    </ClCompile>
    <ClCompile Include="..\Source\Core\HitableList.cpp">
      <Filter>Core\Implementation</Filter>
    </ClCompile>
    <ClCompile Include="..\Source\Core\HitableTransform.cpp">
      <Filter>Core\Implementation</Filter>
    </ClCompile>
    <ClCompile Include="..\Source\Core\Material.cpp">
      <Filter>Core\Implementation</Filter>
    </ClCompile>
    <ClCompile Include="..\Source\Core\MovingSphere.cpp">
      <Filter>Core\Implementation</Filter>
    </ClCompile>
    <ClCompile Include="..\Source\Core\Perlin.cpp">
      <Filter>Core\Implementation</Filter>
    </ClCompile>
    <ClCompile Include="..\Source\Core\Raytracer.cpp">
      <Filter>Core\Implementation</Filter>
    </ClCompile>
    <ClCompile Include="..\Source\Core\Sphere.cpp">
      <Filter>Core\Implementation</Filter>
    </ClCompile>
    <ClCompile Include="..\Source\Core\Texture.cpp">
      <Filter>Core\Implementation</Filter>
    </ClCompile>
    <ClCompile Include="..\Source\Core\XYZRect.cpp">
      <Filter>Core\Implementation</Filter>
    </ClCompile>
    <ClCompile Include="..\Source\StbImage\StbImageImpl.cpp">
      <Filter>3rdParty\StbImage</Filter>
    </ClCompile>
    <ClCompile Include="..\Source\Core\Util.cpp">
      <Filter>Core\Implementation</Filter>
    </ClCompile>
    <ClCompile Include="..\Source\Core\ImageIO.cpp">
      <Filter>Core\Implementation</Filter>
    </ClCompile>
  </ItemGroup>
</Project>